// !$*UTF8*$!
{
	archiveVersion = 1;
	classes = {
	};
	objectVersion = 48;
	objects = {

/* Begin PBXBuildFile section */
		21A87EE320605B4E00F1D4E0 /* AppDelegate.swift in Sources */ = {isa = PBXBuildFile; fileRef = 21A87EE220605B4E00F1D4E0 /* AppDelegate.swift */; };
		21A87EE520605B4E00F1D4E0 /* ViewController.swift in Sources */ = {isa = PBXBuildFile; fileRef = 21A87EE420605B4E00F1D4E0 /* ViewController.swift */; };
		21A87EE820605B4E00F1D4E0 /* Main.storyboard in Resources */ = {isa = PBXBuildFile; fileRef = 21A87EE620605B4E00F1D4E0 /* Main.storyboard */; };
		21A87EEA20605B4E00F1D4E0 /* Assets.xcassets in Resources */ = {isa = PBXBuildFile; fileRef = 21A87EE920605B4E00F1D4E0 /* Assets.xcassets */; };
		21A87EED20605B4E00F1D4E0 /* LaunchScreen.storyboard in Resources */ = {isa = PBXBuildFile; fileRef = 21A87EEB20605B4E00F1D4E0 /* LaunchScreen.storyboard */; };
		21A87EF820605B4E00F1D4E0 /* grindcorizerTests.swift in Sources */ = {isa = PBXBuildFile; fileRef = 21A87EF720605B4E00F1D4E0 /* grindcorizerTests.swift */; };
		21A87F04206067E900F1D4E0 /* Your_Marginally_Talented_Photographer_Girlfriend_-_06_-_Picking_Up_a_Bingo_Chip.mp3 in Resources */ = {isa = PBXBuildFile; fileRef = 21A87F03206067E800F1D4E0 /* Your_Marginally_Talented_Photographer_Girlfriend_-_06_-_Picking_Up_a_Bingo_Chip.mp3 */; };
/* End PBXBuildFile section */

/* Begin PBXContainerItemProxy section */
		21A87EF420605B4E00F1D4E0 /* PBXContainerItemProxy */ = {
			isa = PBXContainerItemProxy;
			containerPortal = 21A87ED720605B4E00F1D4E0 /* Project object */;
			proxyType = 1;
			remoteGlobalIDString = 21A87EDE20605B4E00F1D4E0;
			remoteInfo = grindcorizer;
		};
/* End PBXContainerItemProxy section */

/* Begin PBXFileReference section */
		21A87EDF20605B4E00F1D4E0 /* grindcorizer.app */ = {isa = PBXFileReference; explicitFileType = wrapper.application; includeInIndex = 0; path = grindcorizer.app; sourceTree = BUILT_PRODUCTS_DIR; };
		21A87EE220605B4E00F1D4E0 /* AppDelegate.swift */ = {isa = PBXFileReference; lastKnownFileType = sourcecode.swift; path = AppDelegate.swift; sourceTree = "<group>"; };
		21A87EE420605B4E00F1D4E0 /* ViewController.swift */ = {isa = PBXFileReference; lastKnownFileType = sourcecode.swift; path = ViewController.swift; sourceTree = "<group>"; };
		21A87EE720605B4E00F1D4E0 /* Base */ = {isa = PBXFileReference; lastKnownFileType = file.storyboard; name = Base; path = Base.lproj/Main.storyboard; sourceTree = "<group>"; };
		21A87EE920605B4E00F1D4E0 /* Assets.xcassets */ = {isa = PBXFileReference; lastKnownFileType = folder.assetcatalog; path = Assets.xcassets; sourceTree = "<group>"; };
		21A87EEC20605B4E00F1D4E0 /* Base */ = {isa = PBXFileReference; lastKnownFileType = file.storyboard; name = Base; path = Base.lproj/LaunchScreen.storyboard; sourceTree = "<group>"; };
		21A87EEE20605B4E00F1D4E0 /* Info.plist */ = {isa = PBXFileReference; lastKnownFileType = text.plist.xml; path = Info.plist; sourceTree = "<group>"; };
		21A87EF320605B4E00F1D4E0 /* grindcorizerTests.xctest */ = {isa = PBXFileReference; explicitFileType = wrapper.cfbundle; includeInIndex = 0; path = grindcorizerTests.xctest; sourceTree = BUILT_PRODUCTS_DIR; };
		21A87EF720605B4E00F1D4E0 /* grindcorizerTests.swift */ = {isa = PBXFileReference; lastKnownFileType = sourcecode.swift; path = grindcorizerTests.swift; sourceTree = "<group>"; };
		21A87EF920605B4E00F1D4E0 /* Info.plist */ = {isa = PBXFileReference; lastKnownFileType = text.plist.xml; path = Info.plist; sourceTree = "<group>"; };
		21A87F03206067E800F1D4E0 /* Your_Marginally_Talented_Photographer_Girlfriend_-_06_-_Picking_Up_a_Bingo_Chip.mp3 */ = {isa = PBXFileReference; lastKnownFileType = audio.mp3; path = "Your_Marginally_Talented_Photographer_Girlfriend_-_06_-_Picking_Up_a_Bingo_Chip.mp3"; sourceTree = "<group>"; };
/* End PBXFileReference section */

/* Begin PBXFrameworksBuildPhase section */
		21A87EDC20605B4E00F1D4E0 /* Frameworks */ = {
			isa = PBXFrameworksBuildPhase;
			buildActionMask = 2147483647;
			files = (
			);
			runOnlyForDeploymentPostprocessing = 0;
		};
		21A87EF020605B4E00F1D4E0 /* Frameworks */ = {
			isa = PBXFrameworksBuildPhase;
			buildActionMask = 2147483647;
			files = (
			);
			runOnlyForDeploymentPostprocessing = 0;
		};
/* End PBXFrameworksBuildPhase section */

/* Begin PBXGroup section */
		21A87ED620605B4E00F1D4E0 = {
			isa = PBXGroup;
			children = (
				21A87EE120605B4E00F1D4E0 /* grindcorizer */,
				21A87F022060679B00F1D4E0 /* Resources */,
				21A87EF620605B4E00F1D4E0 /* grindcorizerTests */,
				21A87EE020605B4E00F1D4E0 /* Products */,
			);
			sourceTree = "<group>";
		};
		21A87EE020605B4E00F1D4E0 /* Products */ = {
			isa = PBXGroup;
			children = (
				21A87EDF20605B4E00F1D4E0 /* grindcorizer.app */,
				21A87EF320605B4E00F1D4E0 /* grindcorizerTests.xctest */,
			);
			name = Products;
			sourceTree = "<group>";
		};
		21A87EE120605B4E00F1D4E0 /* grindcorizer */ = {
			isa = PBXGroup;
			children = (
				21A87EE220605B4E00F1D4E0 /* AppDelegate.swift */,
				21A87EE420605B4E00F1D4E0 /* ViewController.swift */,
				21A87EE620605B4E00F1D4E0 /* Main.storyboard */,
				21A87EE920605B4E00F1D4E0 /* Assets.xcassets */,
				21A87EEB20605B4E00F1D4E0 /* LaunchScreen.storyboard */,
				21A87EEE20605B4E00F1D4E0 /* Info.plist */,
			);
			path = grindcorizer;
			sourceTree = "<group>";
		};
		21A87EF620605B4E00F1D4E0 /* grindcorizerTests */ = {
			isa = PBXGroup;
			children = (
				21A87EF720605B4E00F1D4E0 /* grindcorizerTests.swift */,
				21A87EF920605B4E00F1D4E0 /* Info.plist */,
			);
			path = grindcorizerTests;
			sourceTree = "<group>";
		};
		21A87F022060679B00F1D4E0 /* Resources */ = {
			isa = PBXGroup;
			children = (
				21A87F03206067E800F1D4E0 /* Your_Marginally_Talented_Photographer_Girlfriend_-_06_-_Picking_Up_a_Bingo_Chip.mp3 */,
			);
			path = Resources;
			sourceTree = "<group>";
		};
/* End PBXGroup section */

/* Begin PBXNativeTarget section */
		21A87EDE20605B4E00F1D4E0 /* grindcorizer */ = {
			isa = PBXNativeTarget;
			buildConfigurationList = 21A87EFC20605B4E00F1D4E0 /* Build configuration list for PBXNativeTarget "grindcorizer" */;
			buildPhases = (
				21A87EDB20605B4E00F1D4E0 /* Sources */,
				21A87EDC20605B4E00F1D4E0 /* Frameworks */,
				21A87EDD20605B4E00F1D4E0 /* Resources */,
			);
			buildRules = (
			);
			dependencies = (
			);
			name = grindcorizer;
			productName = grindcorizer;
			productReference = 21A87EDF20605B4E00F1D4E0 /* grindcorizer.app */;
			productType = "com.apple.product-type.application";
		};
		21A87EF220605B4E00F1D4E0 /* grindcorizerTests */ = {
			isa = PBXNativeTarget;
			buildConfigurationList = 21A87EFF20605B4E00F1D4E0 /* Build configuration list for PBXNativeTarget "grindcorizerTests" */;
			buildPhases = (
				21A87EEF20605B4E00F1D4E0 /* Sources */,
				21A87EF020605B4E00F1D4E0 /* Frameworks */,
				21A87EF120605B4E00F1D4E0 /* Resources */,
			);
			buildRules = (
			);
			dependencies = (
				21A87EF520605B4E00F1D4E0 /* PBXTargetDependency */,
			);
			name = grindcorizerTests;
			productName = grindcorizerTests;
			productReference = 21A87EF320605B4E00F1D4E0 /* grindcorizerTests.xctest */;
			productType = "com.apple.product-type.bundle.unit-test";
		};
/* End PBXNativeTarget section */

/* Begin PBXProject section */
		21A87ED720605B4E00F1D4E0 /* Project object */ = {
			isa = PBXProject;
			attributes = {
				LastSwiftUpdateCheck = 0920;
				LastUpgradeCheck = 0920;
				ORGANIZATIONNAME = Puterman;
				TargetAttributes = {
					21A87EDE20605B4E00F1D4E0 = {
						CreatedOnToolsVersion = 9.2;
						ProvisioningStyle = Manual;
					};
					21A87EF220605B4E00F1D4E0 = {
						CreatedOnToolsVersion = 9.2;
						ProvisioningStyle = Automatic;
						TestTargetID = 21A87EDE20605B4E00F1D4E0;
					};
				};
			};
			buildConfigurationList = 21A87EDA20605B4E00F1D4E0 /* Build configuration list for PBXProject "grindcorizer" */;
			compatibilityVersion = "Xcode 8.0";
			developmentRegion = en;
			hasScannedForEncodings = 0;
			knownRegions = (
				en,
				Base,
			);
			mainGroup = 21A87ED620605B4E00F1D4E0;
			productRefGroup = 21A87EE020605B4E00F1D4E0 /* Products */;
			projectDirPath = "";
			projectRoot = "";
			targets = (
				21A87EDE20605B4E00F1D4E0 /* grindcorizer */,
				21A87EF220605B4E00F1D4E0 /* grindcorizerTests */,
			);
		};
/* End PBXProject section */

/* Begin PBXResourcesBuildPhase section */
		21A87EDD20605B4E00F1D4E0 /* Resources */ = {
			isa = PBXResourcesBuildPhase;
			buildActionMask = 2147483647;
			files = (
				21A87F04206067E900F1D4E0 /* Your_Marginally_Talented_Photographer_Girlfriend_-_06_-_Picking_Up_a_Bingo_Chip.mp3 in Resources */,
				21A87EED20605B4E00F1D4E0 /* LaunchScreen.storyboard in Resources */,
				21A87EEA20605B4E00F1D4E0 /* Assets.xcassets in Resources */,
				21A87EE820605B4E00F1D4E0 /* Main.storyboard in Resources */,
			);
			runOnlyForDeploymentPostprocessing = 0;
		};
		21A87EF120605B4E00F1D4E0 /* Resources */ = {
			isa = PBXResourcesBuildPhase;
			buildActionMask = 2147483647;
			files = (
			);
			runOnlyForDeploymentPostprocessing = 0;
		};
/* End PBXResourcesBuildPhase section */

/* Begin PBXSourcesBuildPhase section */
		21A87EDB20605B4E00F1D4E0 /* Sources */ = {
			isa = PBXSourcesBuildPhase;
			buildActionMask = 2147483647;
			files = (
				21A87EE520605B4E00F1D4E0 /* ViewController.swift in Sources */,
				21A87EE320605B4E00F1D4E0 /* AppDelegate.swift in Sources */,
			);
			runOnlyForDeploymentPostprocessing = 0;
		};
		21A87EEF20605B4E00F1D4E0 /* Sources */ = {
			isa = PBXSourcesBuildPhase;
			buildActionMask = 2147483647;
			files = (
				21A87EF820605B4E00F1D4E0 /* grindcorizerTests.swift in Sources */,
			);
			runOnlyForDeploymentPostprocessing = 0;
		};
/* End PBXSourcesBuildPhase section */

/* Begin PBXTargetDependency section */
		21A87EF520605B4E00F1D4E0 /* PBXTargetDependency */ = {
			isa = PBXTargetDependency;
			target = 21A87EDE20605B4E00F1D4E0 /* grindcorizer */;
			targetProxy = 21A87EF420605B4E00F1D4E0 /* PBXContainerItemProxy */;
		};
/* End PBXTargetDependency section */

/* Begin PBXVariantGroup section */
		21A87EE620605B4E00F1D4E0 /* Main.storyboard */ = {
			isa = PBXVariantGroup;
			children = (
				21A87EE720605B4E00F1D4E0 /* Base */,
			);
			name = Main.storyboard;
			sourceTree = "<group>";
		};
		21A87EEB20605B4E00F1D4E0 /* LaunchScreen.storyboard */ = {
			isa = PBXVariantGroup;
			children = (
				21A87EEC20605B4E00F1D4E0 /* Base */,
			);
			name = LaunchScreen.storyboard;
			sourceTree = "<group>";
		};
/* End PBXVariantGroup section */

/* Begin XCBuildConfiguration section */
		21A87EFA20605B4E00F1D4E0 /* Debug */ = {
			isa = XCBuildConfiguration;
			buildSettings = {
				ALWAYS_SEARCH_USER_PATHS = NO;
				CLANG_ANALYZER_NONNULL = YES;
				CLANG_ANALYZER_NUMBER_OBJECT_CONVERSION = YES_AGGRESSIVE;
				CLANG_CXX_LANGUAGE_STANDARD = "gnu++14";
				CLANG_CXX_LIBRARY = "libc++";
				CLANG_ENABLE_MODULES = YES;
				CLANG_ENABLE_OBJC_ARC = YES;
				CLANG_WARN_BLOCK_CAPTURE_AUTORELEASING = YES;
				CLANG_WARN_BOOL_CONVERSION = YES;
				CLANG_WARN_COMMA = YES;
				CLANG_WARN_CONSTANT_CONVERSION = YES;
				CLANG_WARN_DIRECT_OBJC_ISA_USAGE = YES_ERROR;
				CLANG_WARN_DOCUMENTATION_COMMENTS = YES;
				CLANG_WARN_EMPTY_BODY = YES;
				CLANG_WARN_ENUM_CONVERSION = YES;
				CLANG_WARN_INFINITE_RECURSION = YES;
				CLANG_WARN_INT_CONVERSION = YES;
				CLANG_WARN_NON_LITERAL_NULL_CONVERSION = YES;
				CLANG_WARN_OBJC_LITERAL_CONVERSION = YES;
				CLANG_WARN_OBJC_ROOT_CLASS = YES_ERROR;
				CLANG_WARN_RANGE_LOOP_ANALYSIS = YES;
				CLANG_WARN_STRICT_PROTOTYPES = YES;
				CLANG_WARN_SUSPICIOUS_MOVE = YES;
				CLANG_WARN_UNGUARDED_AVAILABILITY = YES_AGGRESSIVE;
				CLANG_WARN_UNREACHABLE_CODE = YES;
				CLANG_WARN__DUPLICATE_METHOD_MATCH = YES;
				CODE_SIGN_IDENTITY = "iPhone Developer";
				COPY_PHASE_STRIP = NO;
				DEBUG_INFORMATION_FORMAT = dwarf;
				ENABLE_STRICT_OBJC_MSGSEND = YES;
				ENABLE_TESTABILITY = YES;
				GCC_C_LANGUAGE_STANDARD = gnu11;
				GCC_DYNAMIC_NO_PIC = NO;
				GCC_NO_COMMON_BLOCKS = YES;
				GCC_OPTIMIZATION_LEVEL = 0;
				GCC_PREPROCESSOR_DEFINITIONS = (
					"DEBUG=1",
					"$(inherited)",
				);
				GCC_WARN_64_TO_32_BIT_CONVERSION = YES;
				GCC_WARN_ABOUT_RETURN_TYPE = YES_ERROR;
				GCC_WARN_UNDECLARED_SELECTOR = YES;
				GCC_WARN_UNINITIALIZED_AUTOS = YES_AGGRESSIVE;
				GCC_WARN_UNUSED_FUNCTION = YES;
				GCC_WARN_UNUSED_VARIABLE = YES;
				IPHONEOS_DEPLOYMENT_TARGET = 11.2;
				MTL_ENABLE_DEBUG_INFO = YES;
				ONLY_ACTIVE_ARCH = YES;
				SDKROOT = iphoneos;
				SWIFT_ACTIVE_COMPILATION_CONDITIONS = DEBUG;
				SWIFT_OPTIMIZATION_LEVEL = "-Onone";
			};
			name = Debug;
		};
		21A87EFB20605B4E00F1D4E0 /* Release */ = {
			isa = XCBuildConfiguration;
			buildSettings = {
				ALWAYS_SEARCH_USER_PATHS = NO;
				CLANG_ANALYZER_NONNULL = YES;
				CLANG_ANALYZER_NUMBER_OBJECT_CONVERSION = YES_AGGRESSIVE;
				CLANG_CXX_LANGUAGE_STANDARD = "gnu++14";
				CLANG_CXX_LIBRARY = "libc++";
				CLANG_ENABLE_MODULES = YES;
				CLANG_ENABLE_OBJC_ARC = YES;
				CLANG_WARN_BLOCK_CAPTURE_AUTORELEASING = YES;
				CLANG_WARN_BOOL_CONVERSION = YES;
				CLANG_WARN_COMMA = YES;
				CLANG_WARN_CONSTANT_CONVERSION = YES;
				CLANG_WARN_DIRECT_OBJC_ISA_USAGE = YES_ERROR;
				CLANG_WARN_DOCUMENTATION_COMMENTS = YES;
				CLANG_WARN_EMPTY_BODY = YES;
				CLANG_WARN_ENUM_CONVERSION = YES;
				CLANG_WARN_INFINITE_RECURSION = YES;
				CLANG_WARN_INT_CONVERSION = YES;
				CLANG_WARN_NON_LITERAL_NULL_CONVERSION = YES;
				CLANG_WARN_OBJC_LITERAL_CONVERSION = YES;
				CLANG_WARN_OBJC_ROOT_CLASS = YES_ERROR;
				CLANG_WARN_RANGE_LOOP_ANALYSIS = YES;
				CLANG_WARN_STRICT_PROTOTYPES = YES;
				CLANG_WARN_SUSPICIOUS_MOVE = YES;
				CLANG_WARN_UNGUARDED_AVAILABILITY = YES_AGGRESSIVE;
				CLANG_WARN_UNREACHABLE_CODE = YES;
				CLANG_WARN__DUPLICATE_METHOD_MATCH = YES;
				CODE_SIGN_IDENTITY = "iPhone Developer";
				COPY_PHASE_STRIP = NO;
				DEBUG_INFORMATION_FORMAT = "dwarf-with-dsym";
				ENABLE_NS_ASSERTIONS = NO;
				ENABLE_STRICT_OBJC_MSGSEND = YES;
				GCC_C_LANGUAGE_STANDARD = gnu11;
				GCC_NO_COMMON_BLOCKS = YES;
				GCC_WARN_64_TO_32_BIT_CONVERSION = YES;
				GCC_WARN_ABOUT_RETURN_TYPE = YES_ERROR;
				GCC_WARN_UNDECLARED_SELECTOR = YES;
				GCC_WARN_UNINITIALIZED_AUTOS = YES_AGGRESSIVE;
				GCC_WARN_UNUSED_FUNCTION = YES;
				GCC_WARN_UNUSED_VARIABLE = YES;
				IPHONEOS_DEPLOYMENT_TARGET = 11.2;
				MTL_ENABLE_DEBUG_INFO = NO;
				SDKROOT = iphoneos;
				SWIFT_OPTIMIZATION_LEVEL = "-Owholemodule";
				VALIDATE_PRODUCT = YES;
			};
			name = Release;
		};
		21A87EFD20605B4E00F1D4E0 /* Debug */ = {
			isa = XCBuildConfiguration;
			buildSettings = {
				ASSETCATALOG_COMPILER_APPICON_NAME = AppIcon;
				CODE_SIGN_STYLE = Manual;
				DEVELOPMENT_TEAM = LU7MHCN787;
				INFOPLIST_FILE = grindcorizer/Info.plist;
				IPHONEOS_DEPLOYMENT_TARGET = 11.0;
				LD_RUNPATH_SEARCH_PATHS = "$(inherited) @executable_path/Frameworks";
				PRODUCT_BUNDLE_IDENTIFIER = se.puterman.grindcorizer2;
				PRODUCT_NAME = "$(TARGET_NAME)";
				PROVISIONING_PROFILE = "10bc4277-38e7-44b7-ae9c-fc7ae6ebfd42";
				PROVISIONING_PROFILE_SPECIFIER = "Grindcorizer dev profile";
				SWIFT_VERSION = 4.0;
				TARGETED_DEVICE_FAMILY = 1;
			};
			name = Debug;
		};
		21A87EFE20605B4E00F1D4E0 /* Release */ = {
			isa = XCBuildConfiguration;
			buildSettings = {
				ASSETCATALOG_COMPILER_APPICON_NAME = AppIcon;
				CODE_SIGN_STYLE = Manual;
				DEVELOPMENT_TEAM = LU7MHCN787;
				INFOPLIST_FILE = grindcorizer/Info.plist;
				IPHONEOS_DEPLOYMENT_TARGET = 11.0;
				LD_RUNPATH_SEARCH_PATHS = "$(inherited) @executable_path/Frameworks";
				PRODUCT_BUNDLE_IDENTIFIER = se.puterman.grindcorizer2;
				PRODUCT_NAME = "$(TARGET_NAME)";
				PROVISIONING_PROFILE = "10bc4277-38e7-44b7-ae9c-fc7ae6ebfd42";
				PROVISIONING_PROFILE_SPECIFIER = "Grindcorizer dev profile";
				SWIFT_VERSION = 4.0;
				TARGETED_DEVICE_FAMILY = 1;
			};
			name = Release;
		};
		21A87F0020605B4E00F1D4E0 /* Debug */ = {
			isa = XCBuildConfiguration;
			buildSettings = {
				ALWAYS_EMBED_SWIFT_STANDARD_LIBRARIES = YES;
				BUNDLE_LOADER = "$(TEST_HOST)";
				CODE_SIGN_STYLE = Automatic;
				DEVELOPMENT_TEAM = ZKN39BJB79;
				INFOPLIST_FILE = grindcorizerTests/Info.plist;
				LD_RUNPATH_SEARCH_PATHS = "$(inherited) @executable_path/Frameworks @loader_path/Frameworks";
				PRODUCT_BUNDLE_IDENTIFIER = se.puterman.grindcorizerTests;
				PRODUCT_NAME = "$(TARGET_NAME)";
				SWIFT_VERSION = 4.0;
				TARGETED_DEVICE_FAMILY = "1,2";
				TEST_HOST = "$(BUILT_PRODUCTS_DIR)/grindcorizer.app/grindcorizer";
			};
			name = Debug;
		};
		21A87F0120605B4E00F1D4E0 /* Release */ = {
			isa = XCBuildConfiguration;
			buildSettings = {
				ALWAYS_EMBED_SWIFT_STANDARD_LIBRARIES = YES;
				BUNDLE_LOADER = "$(TEST_HOST)";
				CODE_SIGN_STYLE = Automatic;
				DEVELOPMENT_TEAM = ZKN39BJB79;
				INFOPLIST_FILE = grindcorizerTests/Info.plist;
				LD_RUNPATH_SEARCH_PATHS = "$(inherited) @executable_path/Frameworks @loader_path/Frameworks";
				PRODUCT_BUNDLE_IDENTIFIER = se.puterman.grindcorizerTests;
				PRODUCT_NAME = "$(TARGET_NAME)";
				SWIFT_VERSION = 4.0;
				TARGETED_DEVICE_FAMILY = "1,2";
				TEST_HOST = "$(BUILT_PRODUCTS_DIR)/grindcorizer.app/grindcorizer";
			};
			name = Release;
		};
/* End XCBuildConfiguration section */

/* Begin XCConfigurationList section */
		21A87EDA20605B4E00F1D4E0 /* Build configuration list for PBXProject "grindcorizer" */ = {
			isa = XCConfigurationList;
			buildConfigurations = (
				21A87EFA20605B4E00F1D4E0 /* Debug */,
				21A87EFB20605B4E00F1D4E0 /* Release */,
			);
			defaultConfigurationIsVisible = 0;
			defaultConfigurationName = Release;
		};
		21A87EFC20605B4E00F1D4E0 /* Build configuration list for PBXNativeTarget "grindcorizer" */ = {
			isa = XCConfigurationList;
			buildConfigurations = (
				21A87EFD20605B4E00F1D4E0 /* Debug */,
				21A87EFE20605B4E00F1D4E0 /* Release */,
			);
			defaultConfigurationIsVisible = 0;
			defaultConfigurationName = Release;
		};
		21A87EFF20605B4E00F1D4E0 /* Build configuration list for PBXNativeTarget "grindcorizerTests" */ = {
			isa = XCConfigurationList;
			buildConfigurations = (
				21A87F0020605B4E00F1D4E0 /* Debug */,
				21A87F0120605B4E00F1D4E0 /* Release */,
			);
			defaultConfigurationIsVisible = 0;
			defaultConfigurationName = Release;
		};
/* End XCConfigurationList section */
	};
	rootObject = 21A87ED720605B4E00F1D4E0 /* Project object */;
}
